# Code generated by scarb DO NOT EDIT.
version = 1

[[package]]
name = "cctp_components"
version = "0.1.0"
dependencies = [
 "components",
 "snforge_std",
 "stablecoin",
 "test_utils",
 "utils",
]

[[package]]
name = "components"
version = "0.1.0"

[[package]]
name = "interfaces"
version = "0.1.0"

[[package]]
name = "message"
version = "0.1.0"
dependencies = [
 "snforge_std",
 "utils",
]

[[package]]
name = "message_transmitter"
version = "0.1.0"
dependencies = [
 "cctp_components",
 "components",
 "interfaces",
 "message",
 "snforge_std",
 "test_utils",
 "utils",
]

[[package]]
name = "snforge_scarb_plugin"
version = "0.52.0"
source = "registry+https://scarbs.xyz/"
checksum = "sha256:c33027f8ac078e4bbfc0bd1b7e7849ffe2e6bdd6c24649d0b5ede145095b4743"

[[package]]
name = "snforge_std"
version = "0.52.0"
source = "registry+https://scarbs.xyz/"
checksum = "sha256:db8d395191bb2b526c44cee65b10a4044dc59e23a1c1d8009a73c7035760ed6b"
dependencies = [
 "snforge_scarb_plugin",
]

[[package]]
name = "stablecoin"
version = "0.1.0"
dependencies = [
 "components",
]

[[package]]
name = "test_utils"
version = "0.1.0"
dependencies = [
 "snforge_std",
]

[[package]]
name = "token_messenger_minter"
version = "0.1.0"
dependencies = [
 "cctp_components",
 "components",
 "interfaces",
 "message",
 "snforge_std",
 "stablecoin",
 "utils",
]

[[package]]
name = "utils"
version = "0.1.0"
dependencies = [
 "snforge_std",
]
