# Code generated by scarb DO NOT EDIT.
version = 1

[[package]]
name = "cctp_components"
version = "0.1.0"
dependencies = [
 "components",
 "snforge_std",
 "stablecoin",
 "test_utils",
 "utils",
]

[[package]]
name = "components"
version = "0.1.0"

[[package]]
name = "interfaces"
version = "0.1.0"

[[package]]
name = "message"
version = "0.1.0"
dependencies = [
 "snforge_std",
 "utils",
]

[[package]]
name = "message_transmitter"
version = "0.1.0"
dependencies = [
 "cctp_components",
 "components",
 "interfaces",
 "message",
 "snforge_std",
 "test_utils",
 "utils",
]

[[package]]
name = "snforge_scarb_plugin"
version = "0.48.1"
source = "registry+https://scarbs.xyz/"
checksum = "sha256:2dd27e8215eea8785b3930e9f452e11b429ca262b1c1fbb071bfc173b9ebc125"

[[package]]
name = "snforge_std"
version = "0.48.1"
source = "registry+https://scarbs.xyz/"
checksum = "sha256:89f759fa685d48ed0ba7152d2ac2eb168da08dfa8b84b2bee96e203dc5b2413e"
dependencies = [
 "snforge_scarb_plugin",
]

[[package]]
name = "stablecoin"
version = "0.1.0"
dependencies = [
 "components",
]

[[package]]
name = "test_utils"
version = "0.1.0"
dependencies = [
 "snforge_std",
]

[[package]]
name = "token_messenger_minter"
version = "0.1.0"
dependencies = [
 "cctp_components",
 "components",
 "interfaces",
 "message",
 "snforge_std",
 "stablecoin",
 "utils",
]

[[package]]
name = "utils"
version = "0.1.0"
dependencies = [
 "snforge_std",
]
